
Microsoft Visual Studio Solution File, Format Version 12.00
# Visual Studio 15
VisualStudioVersion = 15.0.27428.2037
MinimumVisualStudioVersion = 10.0.40219.1
Project("{2150E333-8FDC-42A3-9474-1A3956D46DE8}") = "Nth-to-Last Linked List", "Nth-to-Last Linked List", "{D10D8043-AC3B-4BB4-908F-31695D6E4493}"
EndProject
Project("{FAE04EC0-301F-11D3-BF4B-00C04F79EFBC}") = "NthToLastLinkedList", "NthToLastLinkedList\NthToLastLinkedList.csproj", "{3F80FEAF-04DC-46BF-9E43-5EE3DB96067C}"
EndProject
Project("{2150E333-8FDC-42A3-9474-1A3956D46DE8}") = "Making Change", "Making Change", "{2509EC70-0553-4499-A6CF-11E4A0D5483E}"
EndProject
Project("{FAE04EC0-301F-11D3-BF4B-00C04F79EFBC}") = "MakingCoinChange", "MakingCoinChange\MakingCoinChange.csproj", "{72449A35-65FD-4FC5-8565-EAC3945E267D}"
EndProject
Project("{2150E333-8FDC-42A3-9474-1A3956D46DE8}") = "MaxStack", "MaxStack", "{EB1DE127-25CC-48C6-B455-1FA7DDF9B98F}"
EndProject
Project("{2150E333-8FDC-42A3-9474-1A3956D46DE8}") = "BinarySearch Tree", "BinarySearch Tree", "{B2973AA6-92D6-4701-B834-C05D680AD1E0}"
EndProject
Project("{FAE04EC0-301F-11D3-BF4B-00C04F79EFBC}") = "MaxValueStack", "MaxValueStack\MaxValueStack.csproj", "{135137F1-A2F7-4D6E-AE9F-B14E3D82615B}"
EndProject
Project("{FAE04EC0-301F-11D3-BF4B-00C04F79EFBC}") = "BinarySearchTree", "BinarySearchTree\BinarySearchTree.csproj", "{5133A495-C513-4C3B-B633-CC108715CFD3}"
EndProject
Project("{2150E333-8FDC-42A3-9474-1A3956D46DE8}") = "Anagram Strings", "Anagram Strings", "{1B5553AB-22D9-4DDF-A736-7219E59AEB87}"
EndProject
Project("{FAE04EC0-301F-11D3-BF4B-00C04F79EFBC}") = "StringsAnagram", "StringsAnagram\StringsAnagram.csproj", "{FDA6006E-218D-40D6-B6A5-9DD4B7FEFC36}"
EndProject
Project("{2150E333-8FDC-42A3-9474-1A3956D46DE8}") = "String Compression", "String Compression", "{68CA38DB-45AE-4091-AAD1-797117FC098A}"
EndProject
Project("{FAE04EC0-301F-11D3-BF4B-00C04F79EFBC}") = "StringCompression", "StringCompression\StringCompression.csproj", "{12F90383-61C2-4907-92B3-400D1E433A0F}"
EndProject
Project("{2150E333-8FDC-42A3-9474-1A3956D46DE8}") = "Kth Most Frequent String", "Kth Most Frequent String", "{B5D3D9A6-549F-422E-993E-9E18D933786F}"
EndProject
Project("{FAE04EC0-301F-11D3-BF4B-00C04F79EFBC}") = "KthMostFreqSring", "KthMostFreqSring\KthMostFreqSring.csproj", "{1D330AAA-AB60-4339-88FD-4CF5C533EA43}"
EndProject
Project("{2150E333-8FDC-42A3-9474-1A3956D46DE8}") = "Split LinkedList", "Split LinkedList", "{FF85F675-7BB9-4595-AD72-3BEFEB3DC450}"
EndProject
Project("{FAE04EC0-301F-11D3-BF4B-00C04F79EFBC}") = "SplitLinkedList", "SplitLinkedList\SplitLinkedList.csproj", "{607F8C43-6AF3-486C-8547-4854C760FCD1}"
EndProject
Project("{2150E333-8FDC-42A3-9474-1A3956D46DE8}") = "Tree Level Order", "Tree Level Order", "{9B51A41E-7602-43E5-B4F4-443298CE2DC2}"
EndProject
Project("{FAE04EC0-301F-11D3-BF4B-00C04F79EFBC}") = "TreeLevelOrder", "TreeLevelOrder\TreeLevelOrder.csproj", "{C076F2E2-6F9E-4B7B-9789-5233A96017C2}"
EndProject
Project("{2150E333-8FDC-42A3-9474-1A3956D46DE8}") = "N Stacks", "N Stacks", "{C8F0267E-DD09-4C7C-BCBE-D43686C901C0}"
EndProject
Project("{FAE04EC0-301F-11D3-BF4B-00C04F79EFBC}") = "NStack", "NStack\NStack.csproj", "{2458CFDD-3C32-424F-B034-369BBFFEA636}"
EndProject
Project("{2150E333-8FDC-42A3-9474-1A3956D46DE8}") = "Permutations", "Permutations", "{3F3337B5-076E-48C2-BBD8-21D86CF07B28}"
EndProject
Project("{FAE04EC0-301F-11D3-BF4B-00C04F79EFBC}") = "Permutation", "Permutation\Permutation.csproj", "{F7AC1337-C505-414D-8C7C-B61C27E0009D}"
EndProject
Project("{2150E333-8FDC-42A3-9474-1A3956D46DE8}") = "Palindrome", "Palindrome", "{C200AAEF-B98E-424B-970A-36AF5065DCF5}"
EndProject
Project("{FAE04EC0-301F-11D3-BF4B-00C04F79EFBC}") = "PalindromesTest", "PalindromesTest\PalindromesTest.csproj", "{20EFD0C3-E5AF-47C3-9915-A40186E1B61B}"
EndProject
Project("{2150E333-8FDC-42A3-9474-1A3956D46DE8}") = "Rotate Bits", "Rotate Bits", "{5DD9202E-4471-45E0-9B5F-F2C75F2E2691}"
EndProject
Project("{FAE04EC0-301F-11D3-BF4B-00C04F79EFBC}") = "CircularShift", "CircularShift\CircularShift.csproj", "{551E228D-B532-4247-99B3-58338A0CAD95}"
EndProject
Project("{2150E333-8FDC-42A3-9474-1A3956D46DE8}") = "Three Sum", "Three Sum", "{3EC6DB3E-0464-47EA-A418-0F85A3D0BF17}"
EndProject
Project("{FAE04EC0-301F-11D3-BF4B-00C04F79EFBC}") = "ThreeSum", "ThreeSum\ThreeSum.csproj", "{78A6EC54-B826-4FC6-8CF6-8409A7A49C83}"
EndProject
Project("{2150E333-8FDC-42A3-9474-1A3956D46DE8}") = "Zero Sum Sub Array", "Zero Sum Sub Array", "{93231DCB-B5DE-4DB4-B416-487345CD2992}"
EndProject
Project("{FAE04EC0-301F-11D3-BF4B-00C04F79EFBC}") = "ZeroSumSubArray", "ZeroSumSubArray\ZeroSumSubArray.csproj", "{C3CEC770-84E8-49C9-8365-727856C4E411}"
EndProject
Project("{2150E333-8FDC-42A3-9474-1A3956D46DE8}") = "MergeArrays", "MergeArrays", "{6E4C0F63-855E-4E95-B4CF-2ADE3DC82F89}"
EndProject
Project("{FAE04EC0-301F-11D3-BF4B-00C04F79EFBC}") = "MergeTwoArrays", "MergeTwoArrays\MergeTwoArrays.csproj", "{D3543D5B-218A-4EB6-BD18-B946F5BFBA69}"
EndProject
Project("{2150E333-8FDC-42A3-9474-1A3956D46DE8}") = "Balanced Binary Tree", "Balanced Binary Tree", "{1DCA2F33-8AB1-4956-8811-643BDB145628}"
EndProject
Project("{FAE04EC0-301F-11D3-BF4B-00C04F79EFBC}") = "BalancedBinTree", "BalancedBinTree\BalancedBinTree.csproj", "{7FA2C9F8-B424-4D1F-BE94-AE2C07AA0F1F}"
EndProject
Project("{2150E333-8FDC-42A3-9474-1A3956D46DE8}") = "Gray Number", "Gray Number", "{9E47ABF9-F1CB-4566-A7A5-ACAC4B785CA7}"
EndProject
Project("{FAE04EC0-301F-11D3-BF4B-00C04F79EFBC}") = "GrayNumber", "GrayNumber\GrayNumber.csproj", "{A13FC3F8-B28D-4453-BE11-87F1BFB4776E}"
EndProject
Project("{2150E333-8FDC-42A3-9474-1A3956D46DE8}") = "StackFromQueues", "StackFromQueues", "{290F8AB6-864E-4380-AE90-2F15252B1C36}"
EndProject
Project("{FAE04EC0-301F-11D3-BF4B-00C04F79EFBC}") = "StackImpleFrmQ", "StackImpleFrmQ\StackImpleFrmQ.csproj", "{6CEE1CC2-3B6F-406E-967C-C6B4813F5F41}"
EndProject
Project("{2150E333-8FDC-42A3-9474-1A3956D46DE8}") = "Reverse Linked List", "Reverse Linked List", "{3ABBEF08-3628-46DB-88B8-CED7A649BDAB}"
EndProject
Project("{FAE04EC0-301F-11D3-BF4B-00C04F79EFBC}") = "PrintReverseLinkedList", "PrintReverseLinkedList\PrintReverseLinkedList.csproj", "{2EE2B170-333C-45EA-B49D-1FBC12D042DF}"
EndProject
Project("{2150E333-8FDC-42A3-9474-1A3956D46DE8}") = "Swap Variables", "Swap Variables", "{0983F36D-78F1-4F74-9076-5B11E9469CDF}"
EndProject
Project("{FAE04EC0-301F-11D3-BF4B-00C04F79EFBC}") = "SwapVariables", "SwapVariables\SwapVariables.csproj", "{697E6973-0BA7-4FBC-9413-739FC5478114}"
EndProject
Project("{2150E333-8FDC-42A3-9474-1A3956D46DE8}") = "Sort Stacks", "Sort Stacks", "{6FF0ECB6-077E-44F2-BD02-101B762D0211}"
EndProject
Project("{FAE04EC0-301F-11D3-BF4B-00C04F79EFBC}") = "SortStacks", "SortStacks\SortStacks.csproj", "{F03A9C93-394B-4EF7-B1FD-BB0196376CB2}"
EndProject
Project("{2150E333-8FDC-42A3-9474-1A3956D46DE8}") = "Line Intersection", "Line Intersection", "{331A21D7-600C-40DA-BD0E-2A3C4C036E07}"
EndProject
Project("{FAE04EC0-301F-11D3-BF4B-00C04F79EFBC}") = "LineIntersection", "LineIntersection\LineIntersection.csproj", "{C602C2B0-49BA-4E17-84D2-C321D5448BFA}"
EndProject
Project("{2150E333-8FDC-42A3-9474-1A3956D46DE8}") = "Tree to Linked List", "Tree to Linked List", "{CCB6E5F7-0455-42EF-A8D8-8C1B6A3624BA}"
EndProject
Project("{FAE04EC0-301F-11D3-BF4B-00C04F79EFBC}") = "TreeToDoublyLinkedList", "TreeToDoublyLinkedList\TreeToDoublyLinkedList.csproj", "{3C77642B-2C69-4EB3-8AA3-44791D213515}"
EndProject
Project("{2150E333-8FDC-42A3-9474-1A3956D46DE8}") = "Clock Angle", "Clock Angle", "{737EB565-3D91-4FDD-BA6F-9AC04E2786C9}"
EndProject
Project("{FAE04EC0-301F-11D3-BF4B-00C04F79EFBC}") = "ClockAngle", "ClockAngle\ClockAngle.csproj", "{A06DA245-DF50-4B69-A1B2-5572DD721141}"
EndProject
Project("{2150E333-8FDC-42A3-9474-1A3956D46DE8}") = "Matrix Search", "Matrix Search", "{0229E810-AC03-40DD-B39E-79868E36E6D7}"
EndProject
Project("{FAE04EC0-301F-11D3-BF4B-00C04F79EFBC}") = "MatrixSearch", "MatrixSearch\MatrixSearch.csproj", "{35385B68-4E8A-487B-8086-EE81CBE3312B}"
EndProject
Project("{2150E333-8FDC-42A3-9474-1A3956D46DE8}") = "Reverse Stack", "Reverse Stack", "{D3C68B32-2C89-43B4-B195-D6FEC1DD716B}"
EndProject
Project("{FAE04EC0-301F-11D3-BF4B-00C04F79EFBC}") = "ReverseStack", "ReverseStack\ReverseStack.csproj", "{A3E4B02B-3C7A-4F15-9C4C-95A03F48A8FA}"
EndProject
Project("{2150E333-8FDC-42A3-9474-1A3956D46DE8}") = "String Deletion", "String Deletion", "{E33B3F47-A995-4037-BF35-6E65AFD8421B}"
EndProject
Project("{FAE04EC0-301F-11D3-BF4B-00C04F79EFBC}") = "StringDeletion", "StringDeletion\StringDeletion.csproj", "{55E47CCE-4D78-44E6-B3A9-54BBD18D73D9}"
EndProject
Project("{2150E333-8FDC-42A3-9474-1A3956D46DE8}") = "Dedup linked List", "Dedup linked List", "{CB1D8C81-66A0-4B86-937A-30F047D1615B}"
EndProject
Project("{FAE04EC0-301F-11D3-BF4B-00C04F79EFBC}") = "DedupLinkedList", "DedupLinkedList\DedupLinkedList.csproj", "{56F3DD47-AD73-4FBD-A5BE-DA9044551D91}"
EndProject
Project("{2150E333-8FDC-42A3-9474-1A3956D46DE8}") = "Merge K Sorted Arrays", "Merge K Sorted Arrays", "{C0CE1DF2-71C4-4645-896E-17FE3C0685E7}"
EndProject
Project("{FAE04EC0-301F-11D3-BF4B-00C04F79EFBC}") = "MergeKSortedArrays", "MergeKSortedArrays\MergeKSortedArrays.csproj", "{B79BAD23-FA0B-4494-97DB-A26FCB5647E0}"
EndProject
Global
	GlobalSection(SolutionConfigurationPlatforms) = preSolution
		Debug|Any CPU = Debug|Any CPU
		Release|Any CPU = Release|Any CPU
	EndGlobalSection
	GlobalSection(ProjectConfigurationPlatforms) = postSolution
		{3F80FEAF-04DC-46BF-9E43-5EE3DB96067C}.Debug|Any CPU.ActiveCfg = Debug|Any CPU
		{3F80FEAF-04DC-46BF-9E43-5EE3DB96067C}.Debug|Any CPU.Build.0 = Debug|Any CPU
		{3F80FEAF-04DC-46BF-9E43-5EE3DB96067C}.Release|Any CPU.ActiveCfg = Release|Any CPU
		{3F80FEAF-04DC-46BF-9E43-5EE3DB96067C}.Release|Any CPU.Build.0 = Release|Any CPU
		{72449A35-65FD-4FC5-8565-EAC3945E267D}.Debug|Any CPU.ActiveCfg = Debug|Any CPU
		{72449A35-65FD-4FC5-8565-EAC3945E267D}.Debug|Any CPU.Build.0 = Debug|Any CPU
		{72449A35-65FD-4FC5-8565-EAC3945E267D}.Release|Any CPU.ActiveCfg = Release|Any CPU
		{72449A35-65FD-4FC5-8565-EAC3945E267D}.Release|Any CPU.Build.0 = Release|Any CPU
		{135137F1-A2F7-4D6E-AE9F-B14E3D82615B}.Debug|Any CPU.ActiveCfg = Debug|Any CPU
		{135137F1-A2F7-4D6E-AE9F-B14E3D82615B}.Debug|Any CPU.Build.0 = Debug|Any CPU
		{135137F1-A2F7-4D6E-AE9F-B14E3D82615B}.Release|Any CPU.ActiveCfg = Release|Any CPU
		{135137F1-A2F7-4D6E-AE9F-B14E3D82615B}.Release|Any CPU.Build.0 = Release|Any CPU
		{5133A495-C513-4C3B-B633-CC108715CFD3}.Debug|Any CPU.ActiveCfg = Debug|Any CPU
		{5133A495-C513-4C3B-B633-CC108715CFD3}.Debug|Any CPU.Build.0 = Debug|Any CPU
		{5133A495-C513-4C3B-B633-CC108715CFD3}.Release|Any CPU.ActiveCfg = Release|Any CPU
		{5133A495-C513-4C3B-B633-CC108715CFD3}.Release|Any CPU.Build.0 = Release|Any CPU
		{FDA6006E-218D-40D6-B6A5-9DD4B7FEFC36}.Debug|Any CPU.ActiveCfg = Debug|Any CPU
		{FDA6006E-218D-40D6-B6A5-9DD4B7FEFC36}.Debug|Any CPU.Build.0 = Debug|Any CPU
		{FDA6006E-218D-40D6-B6A5-9DD4B7FEFC36}.Release|Any CPU.ActiveCfg = Release|Any CPU
		{FDA6006E-218D-40D6-B6A5-9DD4B7FEFC36}.Release|Any CPU.Build.0 = Release|Any CPU
		{12F90383-61C2-4907-92B3-400D1E433A0F}.Debug|Any CPU.ActiveCfg = Debug|Any CPU
		{12F90383-61C2-4907-92B3-400D1E433A0F}.Debug|Any CPU.Build.0 = Debug|Any CPU
		{12F90383-61C2-4907-92B3-400D1E433A0F}.Release|Any CPU.ActiveCfg = Release|Any CPU
		{12F90383-61C2-4907-92B3-400D1E433A0F}.Release|Any CPU.Build.0 = Release|Any CPU
		{1D330AAA-AB60-4339-88FD-4CF5C533EA43}.Debug|Any CPU.ActiveCfg = Debug|Any CPU
		{1D330AAA-AB60-4339-88FD-4CF5C533EA43}.Debug|Any CPU.Build.0 = Debug|Any CPU
		{1D330AAA-AB60-4339-88FD-4CF5C533EA43}.Release|Any CPU.ActiveCfg = Release|Any CPU
		{1D330AAA-AB60-4339-88FD-4CF5C533EA43}.Release|Any CPU.Build.0 = Release|Any CPU
		{607F8C43-6AF3-486C-8547-4854C760FCD1}.Debug|Any CPU.ActiveCfg = Debug|Any CPU
		{607F8C43-6AF3-486C-8547-4854C760FCD1}.Debug|Any CPU.Build.0 = Debug|Any CPU
		{607F8C43-6AF3-486C-8547-4854C760FCD1}.Release|Any CPU.ActiveCfg = Release|Any CPU
		{607F8C43-6AF3-486C-8547-4854C760FCD1}.Release|Any CPU.Build.0 = Release|Any CPU
		{C076F2E2-6F9E-4B7B-9789-5233A96017C2}.Debug|Any CPU.ActiveCfg = Debug|Any CPU
		{C076F2E2-6F9E-4B7B-9789-5233A96017C2}.Debug|Any CPU.Build.0 = Debug|Any CPU
		{C076F2E2-6F9E-4B7B-9789-5233A96017C2}.Release|Any CPU.ActiveCfg = Release|Any CPU
		{C076F2E2-6F9E-4B7B-9789-5233A96017C2}.Release|Any CPU.Build.0 = Release|Any CPU
		{2458CFDD-3C32-424F-B034-369BBFFEA636}.Debug|Any CPU.ActiveCfg = Debug|Any CPU
		{2458CFDD-3C32-424F-B034-369BBFFEA636}.Debug|Any CPU.Build.0 = Debug|Any CPU
		{2458CFDD-3C32-424F-B034-369BBFFEA636}.Release|Any CPU.ActiveCfg = Release|Any CPU
		{2458CFDD-3C32-424F-B034-369BBFFEA636}.Release|Any CPU.Build.0 = Release|Any CPU
		{F7AC1337-C505-414D-8C7C-B61C27E0009D}.Debug|Any CPU.ActiveCfg = Debug|Any CPU
		{F7AC1337-C505-414D-8C7C-B61C27E0009D}.Debug|Any CPU.Build.0 = Debug|Any CPU
		{F7AC1337-C505-414D-8C7C-B61C27E0009D}.Release|Any CPU.ActiveCfg = Release|Any CPU
		{F7AC1337-C505-414D-8C7C-B61C27E0009D}.Release|Any CPU.Build.0 = Release|Any CPU
		{20EFD0C3-E5AF-47C3-9915-A40186E1B61B}.Debug|Any CPU.ActiveCfg = Debug|Any CPU
		{20EFD0C3-E5AF-47C3-9915-A40186E1B61B}.Debug|Any CPU.Build.0 = Debug|Any CPU
		{20EFD0C3-E5AF-47C3-9915-A40186E1B61B}.Release|Any CPU.ActiveCfg = Release|Any CPU
		{20EFD0C3-E5AF-47C3-9915-A40186E1B61B}.Release|Any CPU.Build.0 = Release|Any CPU
		{551E228D-B532-4247-99B3-58338A0CAD95}.Debug|Any CPU.ActiveCfg = Debug|Any CPU
		{551E228D-B532-4247-99B3-58338A0CAD95}.Debug|Any CPU.Build.0 = Debug|Any CPU
		{551E228D-B532-4247-99B3-58338A0CAD95}.Release|Any CPU.ActiveCfg = Release|Any CPU
		{551E228D-B532-4247-99B3-58338A0CAD95}.Release|Any CPU.Build.0 = Release|Any CPU
		{78A6EC54-B826-4FC6-8CF6-8409A7A49C83}.Debug|Any CPU.ActiveCfg = Debug|Any CPU
		{78A6EC54-B826-4FC6-8CF6-8409A7A49C83}.Debug|Any CPU.Build.0 = Debug|Any CPU
		{78A6EC54-B826-4FC6-8CF6-8409A7A49C83}.Release|Any CPU.ActiveCfg = Release|Any CPU
		{78A6EC54-B826-4FC6-8CF6-8409A7A49C83}.Release|Any CPU.Build.0 = Release|Any CPU
		{C3CEC770-84E8-49C9-8365-727856C4E411}.Debug|Any CPU.ActiveCfg = Debug|Any CPU
		{C3CEC770-84E8-49C9-8365-727856C4E411}.Debug|Any CPU.Build.0 = Debug|Any CPU
		{C3CEC770-84E8-49C9-8365-727856C4E411}.Release|Any CPU.ActiveCfg = Release|Any CPU
		{C3CEC770-84E8-49C9-8365-727856C4E411}.Release|Any CPU.Build.0 = Release|Any CPU
		{D3543D5B-218A-4EB6-BD18-B946F5BFBA69}.Debug|Any CPU.ActiveCfg = Debug|Any CPU
		{D3543D5B-218A-4EB6-BD18-B946F5BFBA69}.Debug|Any CPU.Build.0 = Debug|Any CPU
		{D3543D5B-218A-4EB6-BD18-B946F5BFBA69}.Release|Any CPU.ActiveCfg = Release|Any CPU
		{D3543D5B-218A-4EB6-BD18-B946F5BFBA69}.Release|Any CPU.Build.0 = Release|Any CPU
		{7FA2C9F8-B424-4D1F-BE94-AE2C07AA0F1F}.Debug|Any CPU.ActiveCfg = Debug|Any CPU
		{7FA2C9F8-B424-4D1F-BE94-AE2C07AA0F1F}.Debug|Any CPU.Build.0 = Debug|Any CPU
		{7FA2C9F8-B424-4D1F-BE94-AE2C07AA0F1F}.Release|Any CPU.ActiveCfg = Release|Any CPU
		{7FA2C9F8-B424-4D1F-BE94-AE2C07AA0F1F}.Release|Any CPU.Build.0 = Release|Any CPU
		{A13FC3F8-B28D-4453-BE11-87F1BFB4776E}.Debug|Any CPU.ActiveCfg = Debug|Any CPU
		{A13FC3F8-B28D-4453-BE11-87F1BFB4776E}.Debug|Any CPU.Build.0 = Debug|Any CPU
		{A13FC3F8-B28D-4453-BE11-87F1BFB4776E}.Release|Any CPU.ActiveCfg = Release|Any CPU
		{A13FC3F8-B28D-4453-BE11-87F1BFB4776E}.Release|Any CPU.Build.0 = Release|Any CPU
		{6CEE1CC2-3B6F-406E-967C-C6B4813F5F41}.Debug|Any CPU.ActiveCfg = Debug|Any CPU
		{6CEE1CC2-3B6F-406E-967C-C6B4813F5F41}.Debug|Any CPU.Build.0 = Debug|Any CPU
		{6CEE1CC2-3B6F-406E-967C-C6B4813F5F41}.Release|Any CPU.ActiveCfg = Release|Any CPU
		{6CEE1CC2-3B6F-406E-967C-C6B4813F5F41}.Release|Any CPU.Build.0 = Release|Any CPU
		{2EE2B170-333C-45EA-B49D-1FBC12D042DF}.Debug|Any CPU.ActiveCfg = Debug|Any CPU
		{2EE2B170-333C-45EA-B49D-1FBC12D042DF}.Debug|Any CPU.Build.0 = Debug|Any CPU
		{2EE2B170-333C-45EA-B49D-1FBC12D042DF}.Release|Any CPU.ActiveCfg = Release|Any CPU
		{2EE2B170-333C-45EA-B49D-1FBC12D042DF}.Release|Any CPU.Build.0 = Release|Any CPU
		{697E6973-0BA7-4FBC-9413-739FC5478114}.Debug|Any CPU.ActiveCfg = Debug|Any CPU
		{697E6973-0BA7-4FBC-9413-739FC5478114}.Debug|Any CPU.Build.0 = Debug|Any CPU
		{697E6973-0BA7-4FBC-9413-739FC5478114}.Release|Any CPU.ActiveCfg = Release|Any CPU
		{697E6973-0BA7-4FBC-9413-739FC5478114}.Release|Any CPU.Build.0 = Release|Any CPU
		{F03A9C93-394B-4EF7-B1FD-BB0196376CB2}.Debug|Any CPU.ActiveCfg = Debug|Any CPU
		{F03A9C93-394B-4EF7-B1FD-BB0196376CB2}.Debug|Any CPU.Build.0 = Debug|Any CPU
		{F03A9C93-394B-4EF7-B1FD-BB0196376CB2}.Release|Any CPU.ActiveCfg = Release|Any CPU
		{F03A9C93-394B-4EF7-B1FD-BB0196376CB2}.Release|Any CPU.Build.0 = Release|Any CPU
		{C602C2B0-49BA-4E17-84D2-C321D5448BFA}.Debug|Any CPU.ActiveCfg = Debug|Any CPU
		{C602C2B0-49BA-4E17-84D2-C321D5448BFA}.Debug|Any CPU.Build.0 = Debug|Any CPU
		{C602C2B0-49BA-4E17-84D2-C321D5448BFA}.Release|Any CPU.ActiveCfg = Release|Any CPU
		{C602C2B0-49BA-4E17-84D2-C321D5448BFA}.Release|Any CPU.Build.0 = Release|Any CPU
		{3C77642B-2C69-4EB3-8AA3-44791D213515}.Debug|Any CPU.ActiveCfg = Debug|Any CPU
		{3C77642B-2C69-4EB3-8AA3-44791D213515}.Debug|Any CPU.Build.0 = Debug|Any CPU
		{3C77642B-2C69-4EB3-8AA3-44791D213515}.Release|Any CPU.ActiveCfg = Release|Any CPU
		{3C77642B-2C69-4EB3-8AA3-44791D213515}.Release|Any CPU.Build.0 = Release|Any CPU
		{A06DA245-DF50-4B69-A1B2-5572DD721141}.Debug|Any CPU.ActiveCfg = Debug|Any CPU
		{A06DA245-DF50-4B69-A1B2-5572DD721141}.Debug|Any CPU.Build.0 = Debug|Any CPU
		{A06DA245-DF50-4B69-A1B2-5572DD721141}.Release|Any CPU.ActiveCfg = Release|Any CPU
		{A06DA245-DF50-4B69-A1B2-5572DD721141}.Release|Any CPU.Build.0 = Release|Any CPU
		{35385B68-4E8A-487B-8086-EE81CBE3312B}.Debug|Any CPU.ActiveCfg = Debug|Any CPU
		{35385B68-4E8A-487B-8086-EE81CBE3312B}.Debug|Any CPU.Build.0 = Debug|Any CPU
		{35385B68-4E8A-487B-8086-EE81CBE3312B}.Release|Any CPU.ActiveCfg = Release|Any CPU
		{35385B68-4E8A-487B-8086-EE81CBE3312B}.Release|Any CPU.Build.0 = Release|Any CPU
		{A3E4B02B-3C7A-4F15-9C4C-95A03F48A8FA}.Debug|Any CPU.ActiveCfg = Debug|Any CPU
		{A3E4B02B-3C7A-4F15-9C4C-95A03F48A8FA}.Debug|Any CPU.Build.0 = Debug|Any CPU
		{A3E4B02B-3C7A-4F15-9C4C-95A03F48A8FA}.Release|Any CPU.ActiveCfg = Release|Any CPU
		{A3E4B02B-3C7A-4F15-9C4C-95A03F48A8FA}.Release|Any CPU.Build.0 = Release|Any CPU
		{55E47CCE-4D78-44E6-B3A9-54BBD18D73D9}.Debug|Any CPU.ActiveCfg = Debug|Any CPU
		{55E47CCE-4D78-44E6-B3A9-54BBD18D73D9}.Debug|Any CPU.Build.0 = Debug|Any CPU
		{55E47CCE-4D78-44E6-B3A9-54BBD18D73D9}.Release|Any CPU.ActiveCfg = Release|Any CPU
		{55E47CCE-4D78-44E6-B3A9-54BBD18D73D9}.Release|Any CPU.Build.0 = Release|Any CPU
		{56F3DD47-AD73-4FBD-A5BE-DA9044551D91}.Debug|Any CPU.ActiveCfg = Debug|Any CPU
		{56F3DD47-AD73-4FBD-A5BE-DA9044551D91}.Debug|Any CPU.Build.0 = Debug|Any CPU
		{56F3DD47-AD73-4FBD-A5BE-DA9044551D91}.Release|Any CPU.ActiveCfg = Release|Any CPU
		{56F3DD47-AD73-4FBD-A5BE-DA9044551D91}.Release|Any CPU.Build.0 = Release|Any CPU
		{B79BAD23-FA0B-4494-97DB-A26FCB5647E0}.Debug|Any CPU.ActiveCfg = Debug|Any CPU
		{B79BAD23-FA0B-4494-97DB-A26FCB5647E0}.Debug|Any CPU.Build.0 = Debug|Any CPU
		{B79BAD23-FA0B-4494-97DB-A26FCB5647E0}.Release|Any CPU.ActiveCfg = Release|Any CPU
		{B79BAD23-FA0B-4494-97DB-A26FCB5647E0}.Release|Any CPU.Build.0 = Release|Any CPU
	EndGlobalSection
	GlobalSection(SolutionProperties) = preSolution
		HideSolutionNode = FALSE
	EndGlobalSection
	GlobalSection(NestedProjects) = preSolution
		{3F80FEAF-04DC-46BF-9E43-5EE3DB96067C} = {D10D8043-AC3B-4BB4-908F-31695D6E4493}
		{72449A35-65FD-4FC5-8565-EAC3945E267D} = {2509EC70-0553-4499-A6CF-11E4A0D5483E}
		{135137F1-A2F7-4D6E-AE9F-B14E3D82615B} = {EB1DE127-25CC-48C6-B455-1FA7DDF9B98F}
		{5133A495-C513-4C3B-B633-CC108715CFD3} = {B2973AA6-92D6-4701-B834-C05D680AD1E0}
		{FDA6006E-218D-40D6-B6A5-9DD4B7FEFC36} = {1B5553AB-22D9-4DDF-A736-7219E59AEB87}
		{12F90383-61C2-4907-92B3-400D1E433A0F} = {68CA38DB-45AE-4091-AAD1-797117FC098A}
		{1D330AAA-AB60-4339-88FD-4CF5C533EA43} = {B5D3D9A6-549F-422E-993E-9E18D933786F}
		{607F8C43-6AF3-486C-8547-4854C760FCD1} = {FF85F675-7BB9-4595-AD72-3BEFEB3DC450}
		{C076F2E2-6F9E-4B7B-9789-5233A96017C2} = {9B51A41E-7602-43E5-B4F4-443298CE2DC2}
		{2458CFDD-3C32-424F-B034-369BBFFEA636} = {C8F0267E-DD09-4C7C-BCBE-D43686C901C0}
		{F7AC1337-C505-414D-8C7C-B61C27E0009D} = {3F3337B5-076E-48C2-BBD8-21D86CF07B28}
		{20EFD0C3-E5AF-47C3-9915-A40186E1B61B} = {C200AAEF-B98E-424B-970A-36AF5065DCF5}
		{551E228D-B532-4247-99B3-58338A0CAD95} = {5DD9202E-4471-45E0-9B5F-F2C75F2E2691}
		{78A6EC54-B826-4FC6-8CF6-8409A7A49C83} = {3EC6DB3E-0464-47EA-A418-0F85A3D0BF17}
		{C3CEC770-84E8-49C9-8365-727856C4E411} = {93231DCB-B5DE-4DB4-B416-487345CD2992}
		{D3543D5B-218A-4EB6-BD18-B946F5BFBA69} = {6E4C0F63-855E-4E95-B4CF-2ADE3DC82F89}
		{7FA2C9F8-B424-4D1F-BE94-AE2C07AA0F1F} = {1DCA2F33-8AB1-4956-8811-643BDB145628}
		{A13FC3F8-B28D-4453-BE11-87F1BFB4776E} = {9E47ABF9-F1CB-4566-A7A5-ACAC4B785CA7}
		{6CEE1CC2-3B6F-406E-967C-C6B4813F5F41} = {290F8AB6-864E-4380-AE90-2F15252B1C36}
		{2EE2B170-333C-45EA-B49D-1FBC12D042DF} = {3ABBEF08-3628-46DB-88B8-CED7A649BDAB}
		{697E6973-0BA7-4FBC-9413-739FC5478114} = {0983F36D-78F1-4F74-9076-5B11E9469CDF}
		{F03A9C93-394B-4EF7-B1FD-BB0196376CB2} = {6FF0ECB6-077E-44F2-BD02-101B762D0211}
		{C602C2B0-49BA-4E17-84D2-C321D5448BFA} = {331A21D7-600C-40DA-BD0E-2A3C4C036E07}
		{3C77642B-2C69-4EB3-8AA3-44791D213515} = {CCB6E5F7-0455-42EF-A8D8-8C1B6A3624BA}
		{A06DA245-DF50-4B69-A1B2-5572DD721141} = {737EB565-3D91-4FDD-BA6F-9AC04E2786C9}
		{35385B68-4E8A-487B-8086-EE81CBE3312B} = {0229E810-AC03-40DD-B39E-79868E36E6D7}
		{A3E4B02B-3C7A-4F15-9C4C-95A03F48A8FA} = {D3C68B32-2C89-43B4-B195-D6FEC1DD716B}
		{55E47CCE-4D78-44E6-B3A9-54BBD18D73D9} = {E33B3F47-A995-4037-BF35-6E65AFD8421B}
		{56F3DD47-AD73-4FBD-A5BE-DA9044551D91} = {CB1D8C81-66A0-4B86-937A-30F047D1615B}
		{B79BAD23-FA0B-4494-97DB-A26FCB5647E0} = {C0CE1DF2-71C4-4645-896E-17FE3C0685E7}
	EndGlobalSection
	GlobalSection(ExtensibilityGlobals) = postSolution
		SolutionGuid = {51306FF5-F112-411E-BEBF-11B76C11BFFC}
	EndGlobalSection
EndGlobal
